// !$*UTF8*$!
{
	archiveVersion = 1;
	classes = {
	};
	objectVersion = 56;
	objects = {

/* Begin PBXBuildFile section */
		1FFB037429C4698400039AFE /* TwitterSegmentedControlApp.swift in Sources */ = {isa = PBXBuildFile; fileRef = 1FFB037329C4698400039AFE /* TwitterSegmentedControlApp.swift */; };
		1FFB037629C4698400039AFE /* ContentView.swift in Sources */ = {isa = PBXBuildFile; fileRef = 1FFB037529C4698400039AFE /* ContentView.swift */; };
		1FFB037829C4698600039AFE /* Assets.xcassets in Resources */ = {isa = PBXBuildFile; fileRef = 1FFB037729C4698600039AFE /* Assets.xcassets */; };
		1FFB037B29C4698600039AFE /* Preview Assets.xcassets in Resources */ = {isa = PBXBuildFile; fileRef = 1FFB037A29C4698600039AFE /* Preview Assets.xcassets */; };
		1FFB038529C4698600039AFE /* TwitterSegmentedControlTests.swift in Sources */ = {isa = PBXBuildFile; fileRef = 1FFB038429C4698600039AFE /* TwitterSegmentedControlTests.swift */; };
		1FFB038F29C4698600039AFE /* TwitterSegmentedControlUITests.swift in Sources */ = {isa = PBXBuildFile; fileRef = 1FFB038E29C4698600039AFE /* TwitterSegmentedControlUITests.swift */; };
		1FFB039129C4698600039AFE /* TwitterSegmentedControlUITestsLaunchTests.swift in Sources */ = {isa = PBXBuildFile; fileRef = 1FFB039029C4698600039AFE /* TwitterSegmentedControlUITestsLaunchTests.swift */; };
		1FFB03A029C469BF00039AFE /* Tab.swift in Sources */ = {isa = PBXBuildFile; fileRef = 1FFB039F29C469BF00039AFE /* Tab.swift */; };
		1FFB03A329C469FA00039AFE /* HeaderView.swift in Sources */ = {isa = PBXBuildFile; fileRef = 1FFB03A229C469FA00039AFE /* HeaderView.swift */; };
/* End PBXBuildFile section */

/* Begin PBXContainerItemProxy section */
		1FFB038129C4698600039AFE /* PBXContainerItemProxy */ = {
			isa = PBXContainerItemProxy;
			containerPortal = 1FFB036829C4698400039AFE /* Project object */;
			proxyType = 1;
			remoteGlobalIDString = 1FFB036F29C4698400039AFE;
			remoteInfo = TwitterSegmentedControl;
		};
		1FFB038B29C4698600039AFE /* PBXContainerItemProxy */ = {
			isa = PBXContainerItemProxy;
			containerPortal = 1FFB036829C4698400039AFE /* Project object */;
			proxyType = 1;
			remoteGlobalIDString = 1FFB036F29C4698400039AFE;
			remoteInfo = TwitterSegmentedControl;
		};
/* End PBXContainerItemProxy section */

/* Begin PBXFileReference section */
		1FFB037029C4698400039AFE /* TwitterSegmentedControl.app */ = {isa = PBXFileReference; explicitFileType = wrapper.application; includeInIndex = 0; path = TwitterSegmentedControl.app; sourceTree = BUILT_PRODUCTS_DIR; };
		1FFB037329C4698400039AFE /* TwitterSegmentedControlApp.swift */ = {isa = PBXFileReference; lastKnownFileType = sourcecode.swift; path = TwitterSegmentedControlApp.swift; sourceTree = "<group>"; };
		1FFB037529C4698400039AFE /* ContentView.swift */ = {isa = PBXFileReference; lastKnownFileType = sourcecode.swift; path = ContentView.swift; sourceTree = "<group>"; };
		1FFB037729C4698600039AFE /* Assets.xcassets */ = {isa = PBXFileReference; lastKnownFileType = folder.assetcatalog; path = Assets.xcassets; sourceTree = "<group>"; };
		1FFB037A29C4698600039AFE /* Preview Assets.xcassets */ = {isa = PBXFileReference; lastKnownFileType = folder.assetcatalog; path = "Preview Assets.xcassets"; sourceTree = "<group>"; };
		1FFB038029C4698600039AFE /* TwitterSegmentedControlTests.xctest */ = {isa = PBXFileReference; explicitFileType = wrapper.cfbundle; includeInIndex = 0; path = TwitterSegmentedControlTests.xctest; sourceTree = BUILT_PRODUCTS_DIR; };
		1FFB038429C4698600039AFE /* TwitterSegmentedControlTests.swift */ = {isa = PBXFileReference; lastKnownFileType = sourcecode.swift; path = TwitterSegmentedControlTests.swift; sourceTree = "<group>"; };
		1FFB038A29C4698600039AFE /* TwitterSegmentedControlUITests.xctest */ = {isa = PBXFileReference; explicitFileType = wrapper.cfbundle; includeInIndex = 0; path = TwitterSegmentedControlUITests.xctest; sourceTree = BUILT_PRODUCTS_DIR; };
		1FFB038E29C4698600039AFE /* TwitterSegmentedControlUITests.swift */ = {isa = PBXFileReference; lastKnownFileType = sourcecode.swift; path = TwitterSegmentedControlUITests.swift; sourceTree = "<group>"; };
		1FFB039029C4698600039AFE /* TwitterSegmentedControlUITestsLaunchTests.swift */ = {isa = PBXFileReference; lastKnownFileType = sourcecode.swift; path = TwitterSegmentedControlUITestsLaunchTests.swift; sourceTree = "<group>"; };
		1FFB039F29C469BF00039AFE /* Tab.swift */ = {isa = PBXFileReference; lastKnownFileType = sourcecode.swift; path = Tab.swift; sourceTree = "<group>"; };
		1FFB03A229C469FA00039AFE /* HeaderView.swift */ = {isa = PBXFileReference; lastKnownFileType = sourcecode.swift; path = HeaderView.swift; sourceTree = "<group>"; };
/* End PBXFileReference section */

/* Begin PBXFrameworksBuildPhase section */
		1FFB036D29C4698400039AFE /* Frameworks */ = {
			isa = PBXFrameworksBuildPhase;
			buildActionMask = 2147483647;
			files = (
			);
			runOnlyForDeploymentPostprocessing = 0;
		};
		1FFB037D29C4698600039AFE /* Frameworks */ = {
			isa = PBXFrameworksBuildPhase;
			buildActionMask = 2147483647;
			files = (
			);
			runOnlyForDeploymentPostprocessing = 0;
		};
		1FFB038729C4698600039AFE /* Frameworks */ = {
			isa = PBXFrameworksBuildPhase;
			buildActionMask = 2147483647;
			files = (
			);
			runOnlyForDeploymentPostprocessing = 0;
		};
/* End PBXFrameworksBuildPhase section */

/* Begin PBXGroup section */
		1FFB036729C4698400039AFE = {
			isa = PBXGroup;
			children = (
				1FFB037229C4698400039AFE /* TwitterSegmentedControl */,
				1FFB038329C4698600039AFE /* TwitterSegmentedControlTests */,
				1FFB038D29C4698600039AFE /* TwitterSegmentedControlUITests */,
				1FFB037129C4698400039AFE /* Products */,
			);
			sourceTree = "<group>";
		};
		1FFB037129C4698400039AFE /* Products */ = {
			isa = PBXGroup;
			children = (
				1FFB037029C4698400039AFE /* TwitterSegmentedControl.app */,
				1FFB038029C4698600039AFE /* TwitterSegmentedControlTests.xctest */,
				1FFB038A29C4698600039AFE /* TwitterSegmentedControlUITests.xctest */,
			);
			name = Products;
			sourceTree = "<group>";
		};
		1FFB037229C4698400039AFE /* TwitterSegmentedControl */ = {
			isa = PBXGroup;
			children = (
				1FFB039D29C4699200039AFE /* AppEntryPoint */,
				1FFB039E29C469A200039AFE /* Enums */,
				1FFB03A129C469C800039AFE /* Views */,
				1FFB037729C4698600039AFE /* Assets.xcassets */,
				1FFB037929C4698600039AFE /* Preview Content */,
			);
			path = TwitterSegmentedControl;
			sourceTree = "<group>";
		};
		1FFB037929C4698600039AFE /* Preview Content */ = {
			isa = PBXGroup;
			children = (
				1FFB037A29C4698600039AFE /* Preview Assets.xcassets */,
			);
			path = "Preview Content";
			sourceTree = "<group>";
		};
		1FFB038329C4698600039AFE /* TwitterSegmentedControlTests */ = {
			isa = PBXGroup;
			children = (
				1FFB038429C4698600039AFE /* TwitterSegmentedControlTests.swift */,
			);
			path = TwitterSegmentedControlTests;
			sourceTree = "<group>";
		};
		1FFB038D29C4698600039AFE /* TwitterSegmentedControlUITests */ = {
			isa = PBXGroup;
			children = (
				1FFB038E29C4698600039AFE /* TwitterSegmentedControlUITests.swift */,
				1FFB039029C4698600039AFE /* TwitterSegmentedControlUITestsLaunchTests.swift */,
			);
			path = TwitterSegmentedControlUITests;
			sourceTree = "<group>";
		};
		1FFB039D29C4699200039AFE /* AppEntryPoint */ = {
			isa = PBXGroup;
			children = (
				1FFB037329C4698400039AFE /* TwitterSegmentedControlApp.swift */,
			);
			path = AppEntryPoint;
			sourceTree = "<group>";
		};
		1FFB039E29C469A200039AFE /* Enums */ = {
			isa = PBXGroup;
			children = (
				1FFB039F29C469BF00039AFE /* Tab.swift */,
			);
			path = Enums;
			sourceTree = "<group>";
		};
		1FFB03A129C469C800039AFE /* Views */ = {
			isa = PBXGroup;
			children = (
				1FFB037529C4698400039AFE /* ContentView.swift */,
				1FFB03A229C469FA00039AFE /* HeaderView.swift */,
			);
			path = Views;
			sourceTree = "<group>";
		};
/* End PBXGroup section */

/* Begin PBXNativeTarget section */
		1FFB036F29C4698400039AFE /* TwitterSegmentedControl */ = {
			isa = PBXNativeTarget;
			buildConfigurationList = 1FFB039429C4698600039AFE /* Build configuration list for PBXNativeTarget "TwitterSegmentedControl" */;
			buildPhases = (
				1FFB036C29C4698400039AFE /* Sources */,
				1FFB036D29C4698400039AFE /* Frameworks */,
				1FFB036E29C4698400039AFE /* Resources */,
			);
			buildRules = (
			);
			dependencies = (
			);
			name = TwitterSegmentedControl;
			productName = TwitterSegmentedControl;
			productReference = 1FFB037029C4698400039AFE /* TwitterSegmentedControl.app */;
			productType = "com.apple.product-type.application";
		};
		1FFB037F29C4698600039AFE /* TwitterSegmentedControlTests */ = {
			isa = PBXNativeTarget;
			buildConfigurationList = 1FFB039729C4698600039AFE /* Build configuration list for PBXNativeTarget "TwitterSegmentedControlTests" */;
			buildPhases = (
				1FFB037C29C4698600039AFE /* Sources */,
				1FFB037D29C4698600039AFE /* Frameworks */,
				1FFB037E29C4698600039AFE /* Resources */,
			);
			buildRules = (
			);
			dependencies = (
				1FFB038229C4698600039AFE /* PBXTargetDependency */,
			);
			name = TwitterSegmentedControlTests;
			productName = TwitterSegmentedControlTests;
			productReference = 1FFB038029C4698600039AFE /* TwitterSegmentedControlTests.xctest */;
			productType = "com.apple.product-type.bundle.unit-test";
		};
		1FFB038929C4698600039AFE /* TwitterSegmentedControlUITests */ = {
			isa = PBXNativeTarget;
			buildConfigurationList = 1FFB039A29C4698600039AFE /* Build configuration list for PBXNativeTarget "TwitterSegmentedControlUITests" */;
			buildPhases = (
				1FFB038629C4698600039AFE /* Sources */,
				1FFB038729C4698600039AFE /* Frameworks */,
				1FFB038829C4698600039AFE /* Resources */,
			);
			buildRules = (
			);
			dependencies = (
				1FFB038C29C4698600039AFE /* PBXTargetDependency */,
			);
			name = TwitterSegmentedControlUITests;
			productName = TwitterSegmentedControlUITests;
			productReference = 1FFB038A29C4698600039AFE /* TwitterSegmentedControlUITests.xctest */;
			productType = "com.apple.product-type.bundle.ui-testing";
		};
/* End PBXNativeTarget section */

/* Begin PBXProject section */
		1FFB036829C4698400039AFE /* Project object */ = {
			isa = PBXProject;
			attributes = {
				BuildIndependentTargetsInParallel = 1;
				LastSwiftUpdateCheck = 1420;
				LastUpgradeCheck = 1420;
				TargetAttributes = {
					1FFB036F29C4698400039AFE = {
						CreatedOnToolsVersion = 14.2;
					};
					1FFB037F29C4698600039AFE = {
						CreatedOnToolsVersion = 14.2;
						TestTargetID = 1FFB036F29C4698400039AFE;
					};
					1FFB038929C4698600039AFE = {
						CreatedOnToolsVersion = 14.2;
						TestTargetID = 1FFB036F29C4698400039AFE;
					};
				};
			};
			buildConfigurationList = 1FFB036B29C4698400039AFE /* Build configuration list for PBXProject "TwitterSegmentedControl" */;
			compatibilityVersion = "Xcode 14.0";
			developmentRegion = en;
			hasScannedForEncodings = 0;
			knownRegions = (
				en,
				Base,
			);
			mainGroup = 1FFB036729C4698400039AFE;
			productRefGroup = 1FFB037129C4698400039AFE /* Products */;
			projectDirPath = "";
			projectRoot = "";
			targets = (
				1FFB036F29C4698400039AFE /* TwitterSegmentedControl */,
				1FFB037F29C4698600039AFE /* TwitterSegmentedControlTests */,
				1FFB038929C4698600039AFE /* TwitterSegmentedControlUITests */,
			);
		};
/* End PBXProject section */

/* Begin PBXResourcesBuildPhase section */
		1FFB036E29C4698400039AFE /* Resources */ = {
			isa = PBXResourcesBuildPhase;
			buildActionMask = 2147483647;
			files = (
				1FFB037B29C4698600039AFE /* Preview Assets.xcassets in Resources */,
				1FFB037829C4698600039AFE /* Assets.xcassets in Resources */,
			);
			runOnlyForDeploymentPostprocessing = 0;
		};
		1FFB037E29C4698600039AFE /* Resources */ = {
			isa = PBXResourcesBuildPhase;
			buildActionMask = 2147483647;
			files = (
			);
			runOnlyForDeploymentPostprocessing = 0;
		};
		1FFB038829C4698600039AFE /* Resources */ = {
			isa = PBXResourcesBuildPhase;
			buildActionMask = 2147483647;
			files = (
			);
			runOnlyForDeploymentPostprocessing = 0;
		};
/* End PBXResourcesBuildPhase section */

/* Begin PBXSourcesBuildPhase section */
		1FFB036C29C4698400039AFE /* Sources */ = {
			isa = PBXSourcesBuildPhase;
			buildActionMask = 2147483647;
			files = (
				1FFB03A029C469BF00039AFE /* Tab.swift in Sources */,
				1FFB037629C4698400039AFE /* ContentView.swift in Sources */,
				1FFB037429C4698400039AFE /* TwitterSegmentedControlApp.swift in Sources */,
				1FFB03A329C469FA00039AFE /* HeaderView.swift in Sources */,
			);
			runOnlyForDeploymentPostprocessing = 0;
		};
		1FFB037C29C4698600039AFE /* Sources */ = {
			isa = PBXSourcesBuildPhase;
			buildActionMask = 2147483647;
			files = (
				1FFB038529C4698600039AFE /* TwitterSegmentedControlTests.swift in Sources */,
			);
			runOnlyForDeploymentPostprocessing = 0;
		};
		1FFB038629C4698600039AFE /* Sources */ = {
			isa = PBXSourcesBuildPhase;
			buildActionMask = 2147483647;
			files = (
				1FFB038F29C4698600039AFE /* TwitterSegmentedControlUITests.swift in Sources */,
				1FFB039129C4698600039AFE /* TwitterSegmentedControlUITestsLaunchTests.swift in Sources */,
			);
			runOnlyForDeploymentPostprocessing = 0;
		};
/* End PBXSourcesBuildPhase section */

/* Begin PBXTargetDependency section */
		1FFB038229C4698600039AFE /* PBXTargetDependency */ = {
			isa = PBXTargetDependency;
			target = 1FFB036F29C4698400039AFE /* TwitterSegmentedControl */;
			targetProxy = 1FFB038129C4698600039AFE /* PBXContainerItemProxy */;
		};
		1FFB038C29C4698600039AFE /* PBXTargetDependency */ = {
			isa = PBXTargetDependency;
			target = 1FFB036F29C4698400039AFE /* TwitterSegmentedControl */;
			targetProxy = 1FFB038B29C4698600039AFE /* PBXContainerItemProxy */;
		};
/* End PBXTargetDependency section */

/* Begin XCBuildConfiguration section */
		1FFB039229C4698600039AFE /* Debug */ = {
			isa = XCBuildConfiguration;
			buildSettings = {
				ALWAYS_SEARCH_USER_PATHS = NO;
				CLANG_ANALYZER_NONNULL = YES;
				CLANG_ANALYZER_NUMBER_OBJECT_CONVERSION = YES_AGGRESSIVE;
				CLANG_CXX_LANGUAGE_STANDARD = "gnu++20";
				CLANG_ENABLE_MODULES = YES;
				CLANG_ENABLE_OBJC_ARC = YES;
				CLANG_ENABLE_OBJC_WEAK = YES;
				CLANG_WARN_BLOCK_CAPTURE_AUTORELEASING = YES;
				CLANG_WARN_BOOL_CONVERSION = YES;
				CLANG_WARN_COMMA = YES;
				CLANG_WARN_CONSTANT_CONVERSION = YES;
				CLANG_WARN_DEPRECATED_OBJC_IMPLEMENTATIONS = YES;
				CLANG_WARN_DIRECT_OBJC_ISA_USAGE = YES_ERROR;
				CLANG_WARN_DOCUMENTATION_COMMENTS = YES;
				CLANG_WARN_EMPTY_BODY = YES;
				CLANG_WARN_ENUM_CONVERSION = YES;
				CLANG_WARN_INFINITE_RECURSION = YES;
				CLANG_WARN_INT_CONVERSION = YES;
				CLANG_WARN_NON_LITERAL_NULL_CONVERSION = YES;
				CLANG_WARN_OBJC_IMPLICIT_RETAIN_SELF = YES;
				CLANG_WARN_OBJC_LITERAL_CONVERSION = YES;
				CLANG_WARN_OBJC_ROOT_CLASS = YES_ERROR;
				CLANG_WARN_QUOTED_INCLUDE_IN_FRAMEWORK_HEADER = YES;
				CLANG_WARN_RANGE_LOOP_ANALYSIS = YES;
				CLANG_WARN_STRICT_PROTOTYPES = YES;
				CLANG_WARN_SUSPICIOUS_MOVE = YES;
				CLANG_WARN_UNGUARDED_AVAILABILITY = YES_AGGRESSIVE;
				CLANG_WARN_UNREACHABLE_CODE = YES;
				CLANG_WARN__DUPLICATE_METHOD_MATCH = YES;
				COPY_PHASE_STRIP = NO;
				DEBUG_INFORMATION_FORMAT = dwarf;
				ENABLE_STRICT_OBJC_MSGSEND = YES;
				ENABLE_TESTABILITY = YES;
				GCC_C_LANGUAGE_STANDARD = gnu11;
				GCC_DYNAMIC_NO_PIC = NO;
				GCC_NO_COMMON_BLOCKS = YES;
				GCC_OPTIMIZATION_LEVEL = 0;
				GCC_PREPROCESSOR_DEFINITIONS = (
					"DEBUG=1",
					"$(inherited)",
				);
				GCC_WARN_64_TO_32_BIT_CONVERSION = YES;
				GCC_WARN_ABOUT_RETURN_TYPE = YES_ERROR;
				GCC_WARN_UNDECLARED_SELECTOR = YES;
				GCC_WARN_UNINITIALIZED_AUTOS = YES_AGGRESSIVE;
				GCC_WARN_UNUSED_FUNCTION = YES;
				GCC_WARN_UNUSED_VARIABLE = YES;
				IPHONEOS_DEPLOYMENT_TARGET = 16.2;
				MTL_ENABLE_DEBUG_INFO = INCLUDE_SOURCE;
				MTL_FAST_MATH = YES;
				ONLY_ACTIVE_ARCH = YES;
				SDKROOT = iphoneos;
				SWIFT_ACTIVE_COMPILATION_CONDITIONS = DEBUG;
				SWIFT_OPTIMIZATION_LEVEL = "-Onone";
			};
			name = Debug;
		};
		1FFB039329C4698600039AFE /* Release */ = {
			isa = XCBuildConfiguration;
			buildSettings = {
				ALWAYS_SEARCH_USER_PATHS = NO;
				CLANG_ANALYZER_NONNULL = YES;
				CLANG_ANALYZER_NUMBER_OBJECT_CONVERSION = YES_AGGRESSIVE;
				CLANG_CXX_LANGUAGE_STANDARD = "gnu++20";
				CLANG_ENABLE_MODULES = YES;
				CLANG_ENABLE_OBJC_ARC = YES;
				CLANG_ENABLE_OBJC_WEAK = YES;
				CLANG_WARN_BLOCK_CAPTURE_AUTORELEASING = YES;
				CLANG_WARN_BOOL_CONVERSION = YES;
				CLANG_WARN_COMMA = YES;
				CLANG_WARN_CONSTANT_CONVERSION = YES;
				CLANG_WARN_DEPRECATED_OBJC_IMPLEMENTATIONS = YES;
				CLANG_WARN_DIRECT_OBJC_ISA_USAGE = YES_ERROR;
				CLANG_WARN_DOCUMENTATION_COMMENTS = YES;
				CLANG_WARN_EMPTY_BODY = YES;
				CLANG_WARN_ENUM_CONVERSION = YES;
				CLANG_WARN_INFINITE_RECURSION = YES;
				CLANG_WARN_INT_CONVERSION = YES;
				CLANG_WARN_NON_LITERAL_NULL_CONVERSION = YES;
				CLANG_WARN_OBJC_IMPLICIT_RETAIN_SELF = YES;
				CLANG_WARN_OBJC_LITERAL_CONVERSION = YES;
				CLANG_WARN_OBJC_ROOT_CLASS = YES_ERROR;
				CLANG_WARN_QUOTED_INCLUDE_IN_FRAMEWORK_HEADER = YES;
				CLANG_WARN_RANGE_LOOP_ANALYSIS = YES;
				CLANG_WARN_STRICT_PROTOTYPES = YES;
				CLANG_WARN_SUSPICIOUS_MOVE = YES;
				CLANG_WARN_UNGUARDED_AVAILABILITY = YES_AGGRESSIVE;
				CLANG_WARN_UNREACHABLE_CODE = YES;
				CLANG_WARN__DUPLICATE_METHOD_MATCH = YES;
				COPY_PHASE_STRIP = NO;
				DEBUG_INFORMATION_FORMAT = "dwarf-with-dsym";
				ENABLE_NS_ASSERTIONS = NO;
				ENABLE_STRICT_OBJC_MSGSEND = YES;
				GCC_C_LANGUAGE_STANDARD = gnu11;
				GCC_NO_COMMON_BLOCKS = YES;
				GCC_WARN_64_TO_32_BIT_CONVERSION = YES;
				GCC_WARN_ABOUT_RETURN_TYPE = YES_ERROR;
				GCC_WARN_UNDECLARED_SELECTOR = YES;
				GCC_WARN_UNINITIALIZED_AUTOS = YES_AGGRESSIVE;
				GCC_WARN_UNUSED_FUNCTION = YES;
				GCC_WARN_UNUSED_VARIABLE = YES;
				IPHONEOS_DEPLOYMENT_TARGET = 16.2;
				MTL_ENABLE_DEBUG_INFO = NO;
				MTL_FAST_MATH = YES;
				SDKROOT = iphoneos;
				SWIFT_COMPILATION_MODE = wholemodule;
				SWIFT_OPTIMIZATION_LEVEL = "-O";
				VALIDATE_PRODUCT = YES;
			};
			name = Release;
		};
		1FFB039529C4698600039AFE /* Debug */ = {
			isa = XCBuildConfiguration;
			buildSettings = {
				ASSETCATALOG_COMPILER_APPICON_NAME = AppIcon;
				ASSETCATALOG_COMPILER_GLOBAL_ACCENT_COLOR_NAME = AccentColor;
				CODE_SIGN_STYLE = Automatic;
				CURRENT_PROJECT_VERSION = 1;
				DEVELOPMENT_ASSET_PATHS = "\"TwitterSegmentedControl/Preview Content\"";
				DEVELOPMENT_TEAM = UTG2V2H3FK;
				ENABLE_PREVIEWS = YES;
				GENERATE_INFOPLIST_FILE = YES;
				INFOPLIST_KEY_UIApplicationSceneManifest_Generation = YES;
				INFOPLIST_KEY_UIApplicationSupportsIndirectInputEvents = YES;
				INFOPLIST_KEY_UILaunchScreen_Generation = YES;
				INFOPLIST_KEY_UISupportedInterfaceOrientations_iPad = "UIInterfaceOrientationPortrait UIInterfaceOrientationPortraitUpsideDown UIInterfaceOrientationLandscapeLeft UIInterfaceOrientationLandscapeRight";
				INFOPLIST_KEY_UISupportedInterfaceOrientations_iPhone = "UIInterfaceOrientationPortrait UIInterfaceOrientationLandscapeLeft UIInterfaceOrientationLandscapeRight";
				LD_RUNPATH_SEARCH_PATHS = (
					"$(inherited)",
					"@executable_path/Frameworks",
				);
				MARKETING_VERSION = 1.0;
				PRODUCT_BUNDLE_IDENTIFIER = ro.deltaapps.TwitterSegmentedControl;
				PRODUCT_NAME = "$(TARGET_NAME)";
				SWIFT_EMIT_LOC_STRINGS = YES;
				SWIFT_VERSION = 5.0;
				TARGETED_DEVICE_FAMILY = "1,2";
			};
			name = Debug;
		};
		1FFB039629C4698600039AFE /* Release */ = {
			isa = XCBuildConfiguration;
			buildSettings = {
				ASSETCATALOG_COMPILER_APPICON_NAME = AppIcon;
				ASSETCATALOG_COMPILER_GLOBAL_ACCENT_COLOR_NAME = AccentColor;
				CODE_SIGN_STYLE = Automatic;
				CURRENT_PROJECT_VERSION = 1;
				DEVELOPMENT_ASSET_PATHS = "\"TwitterSegmentedControl/Preview Content\"";
				DEVELOPMENT_TEAM = UTG2V2H3FK;
				ENABLE_PREVIEWS = YES;
				GENERATE_INFOPLIST_FILE = YES;
				INFOPLIST_KEY_UIApplicationSceneManifest_Generation = YES;
				INFOPLIST_KEY_UIApplicationSupportsIndirectInputEvents = YES;
				INFOPLIST_KEY_UILaunchScreen_Generation = YES;
				INFOPLIST_KEY_UISupportedInterfaceOrientations_iPad = "UIInterfaceOrientationPortrait UIInterfaceOrientationPortraitUpsideDown UIInterfaceOrientationLandscapeLeft UIInterfaceOrientationLandscapeRight";
				INFOPLIST_KEY_UISupportedInterfaceOrientations_iPhone = "UIInterfaceOrientationPortrait UIInterfaceOrientationLandscapeLeft UIInterfaceOrientationLandscapeRight";
				LD_RUNPATH_SEARCH_PATHS = (
					"$(inherited)",
					"@executable_path/Frameworks",
				);
				MARKETING_VERSION = 1.0;
				PRODUCT_BUNDLE_IDENTIFIER = ro.deltaapps.TwitterSegmentedControl;
				PRODUCT_NAME = "$(TARGET_NAME)";
				SWIFT_EMIT_LOC_STRINGS = YES;
				SWIFT_VERSION = 5.0;
				TARGETED_DEVICE_FAMILY = "1,2";
			};
			name = Release;
		};
		1FFB039829C4698600039AFE /* Debug */ = {
			isa = XCBuildConfiguration;
			buildSettings = {
				ALWAYS_EMBED_SWIFT_STANDARD_LIBRARIES = YES;
				BUNDLE_LOADER = "$(TEST_HOST)";
				CODE_SIGN_STYLE = Automatic;
				CURRENT_PROJECT_VERSION = 1;
				DEVELOPMENT_TEAM = UTG2V2H3FK;
				GENERATE_INFOPLIST_FILE = YES;
				IPHONEOS_DEPLOYMENT_TARGET = 16.2;
				MARKETING_VERSION = 1.0;
				PRODUCT_BUNDLE_IDENTIFIER = ro.deltaapps.TwitterSegmentedControlTests;
				PRODUCT_NAME = "$(TARGET_NAME)";
				SWIFT_EMIT_LOC_STRINGS = NO;
				SWIFT_VERSION = 5.0;
				TARGETED_DEVICE_FAMILY = "1,2";
				TEST_HOST = "$(BUILT_PRODUCTS_DIR)/TwitterSegmentedControl.app/$(BUNDLE_EXECUTABLE_FOLDER_PATH)/TwitterSegmentedControl";
			};
			name = Debug;
		};
		1FFB039929C4698600039AFE /* Release */ = {
			isa = XCBuildConfiguration;
			buildSettings = {
				ALWAYS_EMBED_SWIFT_STANDARD_LIBRARIES = YES;
				BUNDLE_LOADER = "$(TEST_HOST)";
				CODE_SIGN_STYLE = Automatic;
				CURRENT_PROJECT_VERSION = 1;
				DEVELOPMENT_TEAM = UTG2V2H3FK;
				GENERATE_INFOPLIST_FILE = YES;
				IPHONEOS_DEPLOYMENT_TARGET = 16.2;
				MARKETING_VERSION = 1.0;
				PRODUCT_BUNDLE_IDENTIFIER = ro.deltaapps.TwitterSegmentedControlTests;
				PRODUCT_NAME = "$(TARGET_NAME)";
				SWIFT_EMIT_LOC_STRINGS = NO;
				SWIFT_VERSION = 5.0;
				TARGETED_DEVICE_FAMILY = "1,2";
				TEST_HOST = "$(BUILT_PRODUCTS_DIR)/TwitterSegmentedControl.app/$(BUNDLE_EXECUTABLE_FOLDER_PATH)/TwitterSegmentedControl";
			};
			name = Release;
		};
		1FFB039B29C4698600039AFE /* Debug */ = {
			isa = XCBuildConfiguration;
			buildSettings = {
				ALWAYS_EMBED_SWIFT_STANDARD_LIBRARIES = YES;
				CODE_SIGN_STYLE = Automatic;
				CURRENT_PROJECT_VERSION = 1;
				DEVELOPMENT_TEAM = UTG2V2H3FK;
				GENERATE_INFOPLIST_FILE = YES;
				MARKETING_VERSION = 1.0;
				PRODUCT_BUNDLE_IDENTIFIER = ro.deltaapps.TwitterSegmentedControlUITests;
				PRODUCT_NAME = "$(TARGET_NAME)";
				SWIFT_EMIT_LOC_STRINGS = NO;
				SWIFT_VERSION = 5.0;
				TARGETED_DEVICE_FAMILY = "1,2";
				TEST_TARGET_NAME = TwitterSegmentedControl;
			};
			name = Debug;
		};
		1FFB039C29C4698600039AFE /* Release */ = {
			isa = XCBuildConfiguration;
			buildSettings = {
				ALWAYS_EMBED_SWIFT_STANDARD_LIBRARIES = YES;
				CODE_SIGN_STYLE = Automatic;
				CURRENT_PROJECT_VERSION = 1;
				DEVELOPMENT_TEAM = UTG2V2H3FK;
				GENERATE_INFOPLIST_FILE = YES;
				MARKETING_VERSION = 1.0;
				PRODUCT_BUNDLE_IDENTIFIER = ro.deltaapps.TwitterSegmentedControlUITests;
				PRODUCT_NAME = "$(TARGET_NAME)";
				SWIFT_EMIT_LOC_STRINGS = NO;
				SWIFT_VERSION = 5.0;
				TARGETED_DEVICE_FAMILY = "1,2";
				TEST_TARGET_NAME = TwitterSegmentedControl;
			};
			name = Release;
		};
/* End XCBuildConfiguration section */

/* Begin XCConfigurationList section */
		1FFB036B29C4698400039AFE /* Build configuration list for PBXProject "TwitterSegmentedControl" */ = {
			isa = XCConfigurationList;
			buildConfigurations = (
				1FFB039229C4698600039AFE /* Debug */,
				1FFB039329C4698600039AFE /* Release */,
			);
			defaultConfigurationIsVisible = 0;
			defaultConfigurationName = Release;
		};
		1FFB039429C4698600039AFE /* Build configuration list for PBXNativeTarget "TwitterSegmentedControl" */ = {
			isa = XCConfigurationList;
			buildConfigurations = (
				1FFB039529C4698600039AFE /* Debug */,
				1FFB039629C4698600039AFE /* Release */,
			);
			defaultConfigurationIsVisible = 0;
			defaultConfigurationName = Release;
		};
		1FFB039729C4698600039AFE /* Build configuration list for PBXNativeTarget "TwitterSegmentedControlTests" */ = {
			isa = XCConfigurationList;
			buildConfigurations = (
				1FFB039829C4698600039AFE /* Debug */,
				1FFB039929C4698600039AFE /* Release */,
			);
			defaultConfigurationIsVisible = 0;
			defaultConfigurationName = Release;
		};
		1FFB039A29C4698600039AFE /* Build configuration list for PBXNativeTarget "TwitterSegmentedControlUITests" */ = {
			isa = XCConfigurationList;
			buildConfigurations = (
				1FFB039B29C4698600039AFE /* Debug */,
				1FFB039C29C4698600039AFE /* Release */,
			);
			defaultConfigurationIsVisible = 0;
			defaultConfigurationName = Release;
		};
/* End XCConfigurationList section */
	};
	rootObject = 1FFB036829C4698400039AFE /* Project object */;
}
